// !$*UTF8*$!
{
	archiveVersion = 1;
	classes = {
	};
	objectVersion = 50;
	objects = {

/* Begin PBXBuildFile section */
		020296EA220CAF8800C05966 /* MusicPlayerViewController.swift in Sources */ = {isa = PBXBuildFile; fileRef = 020296E9220CAF8800C05966 /* MusicPlayerViewController.swift */; };
		0C66B2B42210660200B1147A /* SideMenuVCTableViewController.swift in Sources */ = {isa = PBXBuildFile; fileRef = 0C66B2B32210660200B1147A /* SideMenuVCTableViewController.swift */; };
		0C66B2B622106B9800B1147A /* HomeViewController.swift in Sources */ = {isa = PBXBuildFile; fileRef = 0C66B2B522106B9800B1147A /* HomeViewController.swift */; };
		0C66B2B822106CF000B1147A /* ContainerViewController.swift in Sources */ = {isa = PBXBuildFile; fileRef = 0C66B2B722106CF000B1147A /* ContainerViewController.swift */; };
		0C9F845C2209DC73009DE69D /* TaskDB.swift in Sources */ = {isa = PBXBuildFile; fileRef = 0C9F845B2209DC73009DE69D /* TaskDB.swift */; };
		0CB0E588220766E300078489 /* ForgotPasswordViewController.swift in Sources */ = {isa = PBXBuildFile; fileRef = 0CB0E587220766E300078489 /* ForgotPasswordViewController.swift */; };
		0CB0E58A220779AA00078489 /* TaskJob.swift in Sources */ = {isa = PBXBuildFile; fileRef = 0CB0E589220779AA00078489 /* TaskJob.swift */; };
		0CB0E58C2207801600078489 /* JobCellTableViewCell.swift in Sources */ = {isa = PBXBuildFile; fileRef = 0CB0E58B2207801600078489 /* JobCellTableViewCell.swift */; };
		0CB0E58E22097F7B00078489 /* PopUpCalendarViewController.swift in Sources */ = {isa = PBXBuildFile; fileRef = 0CB0E58D22097F7B00078489 /* PopUpCalendarViewController.swift */; };
		0CD413AE21FB88B100F9BFF7 /* AppDelegate.swift in Sources */ = {isa = PBXBuildFile; fileRef = 0CD413AD21FB88B100F9BFF7 /* AppDelegate.swift */; };
		0CD413B021FB88B100F9BFF7 /* DailyReportController.swift in Sources */ = {isa = PBXBuildFile; fileRef = 0CD413AF21FB88B100F9BFF7 /* DailyReportController.swift */; };
		0CD413B321FB88B100F9BFF7 /* Main.storyboard in Resources */ = {isa = PBXBuildFile; fileRef = 0CD413B121FB88B100F9BFF7 /* Main.storyboard */; };
		0CD413B521FB88B200F9BFF7 /* Assets.xcassets in Resources */ = {isa = PBXBuildFile; fileRef = 0CD413B421FB88B200F9BFF7 /* Assets.xcassets */; };
		0CD413B821FB88B200F9BFF7 /* LaunchScreen.storyboard in Resources */ = {isa = PBXBuildFile; fileRef = 0CD413B621FB88B200F9BFF7 /* LaunchScreen.storyboard */; };
		0CD413C32200AE4000F9BFF7 /* LoginViewController.swift in Sources */ = {isa = PBXBuildFile; fileRef = 0CD413C22200AE4000F9BFF7 /* LoginViewController.swift */; };
/* End PBXBuildFile section */

/* Begin PBXFileReference section */
		020296E9220CAF8800C05966 /* MusicPlayerViewController.swift */ = {isa = PBXFileReference; lastKnownFileType = sourcecode.swift; path = MusicPlayerViewController.swift; sourceTree = "<group>"; };
		0C66B2B32210660200B1147A /* SideMenuVCTableViewController.swift */ = {isa = PBXFileReference; lastKnownFileType = sourcecode.swift; path = SideMenuVCTableViewController.swift; sourceTree = "<group>"; };
		0C66B2B522106B9800B1147A /* HomeViewController.swift */ = {isa = PBXFileReference; lastKnownFileType = sourcecode.swift; path = HomeViewController.swift; sourceTree = "<group>"; };
		0C66B2B722106CF000B1147A /* ContainerViewController.swift */ = {isa = PBXFileReference; lastKnownFileType = sourcecode.swift; path = ContainerViewController.swift; sourceTree = "<group>"; };
		0C9F845B2209DC73009DE69D /* TaskDB.swift */ = {isa = PBXFileReference; lastKnownFileType = sourcecode.swift; path = TaskDB.swift; sourceTree = "<group>"; };
		0C9F845D220AB973009DE69D /* KGIPortalMobile.entitlements */ = {isa = PBXFileReference; lastKnownFileType = text.plist.entitlements; path = KGIPortalMobile.entitlements; sourceTree = "<group>"; };
		0CB0E587220766E300078489 /* ForgotPasswordViewController.swift */ = {isa = PBXFileReference; lastKnownFileType = sourcecode.swift; name = ForgotPasswordViewController.swift; path = TestProject/Controller/ForgotPasswordViewController.swift; sourceTree = SOURCE_ROOT; };
		0CB0E589220779AA00078489 /* TaskJob.swift */ = {isa = PBXFileReference; lastKnownFileType = sourcecode.swift; path = TaskJob.swift; sourceTree = "<group>"; };
		0CB0E58B2207801600078489 /* JobCellTableViewCell.swift */ = {isa = PBXFileReference; lastKnownFileType = sourcecode.swift; path = JobCellTableViewCell.swift; sourceTree = "<group>"; };
		0CB0E58D22097F7B00078489 /* PopUpCalendarViewController.swift */ = {isa = PBXFileReference; lastKnownFileType = sourcecode.swift; path = PopUpCalendarViewController.swift; sourceTree = "<group>"; };
		0CD413AA21FB88B100F9BFF7 /* KGIPortalMobile.app */ = {isa = PBXFileReference; explicitFileType = wrapper.application; includeInIndex = 0; path = KGIPortalMobile.app; sourceTree = BUILT_PRODUCTS_DIR; };
		0CD413AD21FB88B100F9BFF7 /* AppDelegate.swift */ = {isa = PBXFileReference; lastKnownFileType = sourcecode.swift; path = AppDelegate.swift; sourceTree = "<group>"; };
		0CD413AF21FB88B100F9BFF7 /* DailyReportController.swift */ = {isa = PBXFileReference; lastKnownFileType = sourcecode.swift; path = DailyReportController.swift; sourceTree = "<group>"; };
		0CD413B221FB88B100F9BFF7 /* Base */ = {isa = PBXFileReference; lastKnownFileType = file.storyboard; name = Base; path = Base.lproj/Main.storyboard; sourceTree = "<group>"; };
		0CD413B421FB88B200F9BFF7 /* Assets.xcassets */ = {isa = PBXFileReference; lastKnownFileType = folder.assetcatalog; path = Assets.xcassets; sourceTree = "<group>"; };
		0CD413B721FB88B200F9BFF7 /* Base */ = {isa = PBXFileReference; lastKnownFileType = file.storyboard; name = Base; path = Base.lproj/LaunchScreen.storyboard; sourceTree = "<group>"; };
		0CD413B921FB88B200F9BFF7 /* Info.plist */ = {isa = PBXFileReference; lastKnownFileType = text.plist.xml; path = Info.plist; sourceTree = "<group>"; };
		0CD413C22200AE4000F9BFF7 /* LoginViewController.swift */ = {isa = PBXFileReference; lastKnownFileType = sourcecode.swift; name = LoginViewController.swift; path = TestProject/Controller/LoginViewController.swift; sourceTree = SOURCE_ROOT; };
/* End PBXFileReference section */

/* Begin PBXFrameworksBuildPhase section */
		0CD413A721FB88B100F9BFF7 /* Frameworks */ = {
			isa = PBXFrameworksBuildPhase;
			buildActionMask = 2147483647;
			files = (
			);
			runOnlyForDeploymentPostprocessing = 0;
		};
/* End PBXFrameworksBuildPhase section */

/* Begin PBXGroup section */
		0C9F845A2209DC58009DE69D /* Services */ = {
			isa = PBXGroup;
			children = (
				0C9F845B2209DC73009DE69D /* TaskDB.swift */,
			);
			path = Services;
			sourceTree = "<group>";
		};
		0CD413A121FB88B100F9BFF7 = {
			isa = PBXGroup;
			children = (
				0C9F845D220AB973009DE69D /* KGIPortalMobile.entitlements */,
				0CD413AC21FB88B100F9BFF7 /* TestProject */,
				0CD413AB21FB88B100F9BFF7 /* Products */,
			);
			sourceTree = "<group>";
		};
		0CD413AB21FB88B100F9BFF7 /* Products */ = {
			isa = PBXGroup;
			children = (
				0CD413AA21FB88B100F9BFF7 /* KGIPortalMobile.app */,
			);
			name = Products;
			sourceTree = "<group>";
		};
		0CD413AC21FB88B100F9BFF7 /* TestProject */ = {
			isa = PBXGroup;
			children = (
				0C9F845A2209DC58009DE69D /* Services */,
				0CD413C12200ADDB00F9BFF7 /* Views */,
				0CD413C02200ADB600F9BFF7 /* Controller */,
				0CD413BF2200ADAE00F9BFF7 /* Models */,
				0CD413AD21FB88B100F9BFF7 /* AppDelegate.swift */,
				0CD413B421FB88B200F9BFF7 /* Assets.xcassets */,
				0CD413B921FB88B200F9BFF7 /* Info.plist */,
			);
			path = TestProject;
			sourceTree = "<group>";
		};
		0CD413BF2200ADAE00F9BFF7 /* Models */ = {
			isa = PBXGroup;
			children = (
				0CB0E589220779AA00078489 /* TaskJob.swift */,
			);
			path = Models;
			sourceTree = "<group>";
		};
		0CD413C02200ADB600F9BFF7 /* Controller */ = {
			isa = PBXGroup;
			children = (
				0CD413AF21FB88B100F9BFF7 /* DailyReportController.swift */,
				0CD413C22200AE4000F9BFF7 /* LoginViewController.swift */,
				0CB0E58B2207801600078489 /* JobCellTableViewCell.swift */,
				0CB0E587220766E300078489 /* ForgotPasswordViewController.swift */,
				0CB0E58D22097F7B00078489 /* PopUpCalendarViewController.swift */,
				020296E9220CAF8800C05966 /* MusicPlayerViewController.swift */,
				0C66B2B32210660200B1147A /* SideMenuVCTableViewController.swift */,
				0C66B2B522106B9800B1147A /* HomeViewController.swift */,
				0C66B2B722106CF000B1147A /* ContainerViewController.swift */,
			);
			path = Controller;
			sourceTree = "<group>";
		};
		0CD413C12200ADDB00F9BFF7 /* Views */ = {
			isa = PBXGroup;
			children = (
				0CD413B621FB88B200F9BFF7 /* LaunchScreen.storyboard */,
				0CD413B121FB88B100F9BFF7 /* Main.storyboard */,
			);
			name = Views;
			path = "New Group";
			sourceTree = "<group>";
		};
/* End PBXGroup section */

/* Begin PBXNativeTarget section */
		0CD413A921FB88B100F9BFF7 /* KGIPortalMobile */ = {
			isa = PBXNativeTarget;
			buildConfigurationList = 0CD413BC21FB88B200F9BFF7 /* Build configuration list for PBXNativeTarget "KGIPortalMobile" */;
			buildPhases = (
				0CD413A621FB88B100F9BFF7 /* Sources */,
				0CD413A721FB88B100F9BFF7 /* Frameworks */,
				0CD413A821FB88B100F9BFF7 /* Resources */,
			);
			buildRules = (
			);
			dependencies = (
			);
			name = KGIPortalMobile;
			productName = TestProject;
			productReference = 0CD413AA21FB88B100F9BFF7 /* KGIPortalMobile.app */;
			productType = "com.apple.product-type.application";
		};
/* End PBXNativeTarget section */

/* Begin PBXProject section */
		0CD413A221FB88B100F9BFF7 /* Project object */ = {
			isa = PBXProject;
			attributes = {
				LastSwiftUpdateCheck = 1010;
				LastUpgradeCheck = 1010;
				ORGANIZATIONNAME = "Archimedes Angeles";
				TargetAttributes = {
					0CD413A921FB88B100F9BFF7 = {
						CreatedOnToolsVersion = 10.1;
						SystemCapabilities = {
							com.apple.BackgroundModes = {
								enabled = 1;
							};
							com.apple.Push = {
								enabled = 1;
							};
						};
					};
				};
			};
			buildConfigurationList = 0CD413A521FB88B100F9BFF7 /* Build configuration list for PBXProject "KGIPortalMobile" */;
			compatibilityVersion = "Xcode 9.3";
			developmentRegion = en;
			hasScannedForEncodings = 0;
			knownRegions = (
				en,
				Base,
			);
			mainGroup = 0CD413A121FB88B100F9BFF7;
			productRefGroup = 0CD413AB21FB88B100F9BFF7 /* Products */;
			projectDirPath = "";
			projectRoot = "";
			targets = (
				0CD413A921FB88B100F9BFF7 /* KGIPortalMobile */,
			);
		};
/* End PBXProject section */

/* Begin PBXResourcesBuildPhase section */
		0CD413A821FB88B100F9BFF7 /* Resources */ = {
			isa = PBXResourcesBuildPhase;
			buildActionMask = 2147483647;
			files = (
				0CD413B821FB88B200F9BFF7 /* LaunchScreen.storyboard in Resources */,
				0CD413B521FB88B200F9BFF7 /* Assets.xcassets in Resources */,
				0CD413B321FB88B100F9BFF7 /* Main.storyboard in Resources */,
			);
			runOnlyForDeploymentPostprocessing = 0;
		};
/* End PBXResourcesBuildPhase section */

/* Begin PBXSourcesBuildPhase section */
		0CD413A621FB88B100F9BFF7 /* Sources */ = {
			isa = PBXSourcesBuildPhase;
			buildActionMask = 2147483647;
			files = (
				0C9F845C2209DC73009DE69D /* TaskDB.swift in Sources */,
				0CB0E588220766E300078489 /* ForgotPasswordViewController.swift in Sources */,
				0CB0E58A220779AA00078489 /* TaskJob.swift in Sources */,
				0CD413C32200AE4000F9BFF7 /* LoginViewController.swift in Sources */,
				0CB0E58C2207801600078489 /* JobCellTableViewCell.swift in Sources */,
				0CB0E58E22097F7B00078489 /* PopUpCalendarViewController.swift in Sources */,
				0C66B2B42210660200B1147A /* SideMenuVCTableViewController.swift in Sources */,
				0C66B2B622106B9800B1147A /* HomeViewController.swift in Sources */,
				0CD413B021FB88B100F9BFF7 /* DailyReportController.swift in Sources */,
				020296EA220CAF8800C05966 /* MusicPlayerViewController.swift in Sources */,
				0C66B2B822106CF000B1147A /* ContainerViewController.swift in Sources */,
				0CD413AE21FB88B100F9BFF7 /* AppDelegate.swift in Sources */,
			);
			runOnlyForDeploymentPostprocessing = 0;
		};
/* End PBXSourcesBuildPhase section */

/* Begin PBXVariantGroup section */
		0CD413B121FB88B100F9BFF7 /* Main.storyboard */ = {
			isa = PBXVariantGroup;
			children = (
				0CD413B221FB88B100F9BFF7 /* Base */,
			);
			name = Main.storyboard;
			sourceTree = "<group>";
		};
		0CD413B621FB88B200F9BFF7 /* LaunchScreen.storyboard */ = {
			isa = PBXVariantGroup;
			children = (
				0CD413B721FB88B200F9BFF7 /* Base */,
			);
			name = LaunchScreen.storyboard;
			sourceTree = "<group>";
		};
/* End PBXVariantGroup section */

/* Begin XCBuildConfiguration section */
		0CD413BA21FB88B200F9BFF7 /* Debug */ = {
			isa = XCBuildConfiguration;
			buildSettings = {
				ALWAYS_SEARCH_USER_PATHS = NO;
				CLANG_ANALYZER_NONNULL = YES;
				CLANG_ANALYZER_NUMBER_OBJECT_CONVERSION = YES_AGGRESSIVE;
				CLANG_CXX_LANGUAGE_STANDARD = "gnu++14";
				CLANG_CXX_LIBRARY = "libc++";
				CLANG_ENABLE_MODULES = YES;
				CLANG_ENABLE_OBJC_ARC = YES;
				CLANG_ENABLE_OBJC_WEAK = YES;
				CLANG_WARN_BLOCK_CAPTURE_AUTORELEASING = YES;
				CLANG_WARN_BOOL_CONVERSION = YES;
				CLANG_WARN_COMMA = YES;
				CLANG_WARN_CONSTANT_CONVERSION = YES;
				CLANG_WARN_DEPRECATED_OBJC_IMPLEMENTATIONS = YES;
				CLANG_WARN_DIRECT_OBJC_ISA_USAGE = YES_ERROR;
				CLANG_WARN_DOCUMENTATION_COMMENTS = YES;
				CLANG_WARN_EMPTY_BODY = YES;
				CLANG_WARN_ENUM_CONVERSION = YES;
				CLANG_WARN_INFINITE_RECURSION = YES;
				CLANG_WARN_INT_CONVERSION = YES;
				CLANG_WARN_NON_LITERAL_NULL_CONVERSION = YES;
				CLANG_WARN_OBJC_IMPLICIT_RETAIN_SELF = YES;
				CLANG_WARN_OBJC_LITERAL_CONVERSION = YES;
				CLANG_WARN_OBJC_ROOT_CLASS = YES_ERROR;
				CLANG_WARN_RANGE_LOOP_ANALYSIS = YES;
				CLANG_WARN_STRICT_PROTOTYPES = YES;
				CLANG_WARN_SUSPICIOUS_MOVE = YES;
				CLANG_WARN_UNGUARDED_AVAILABILITY = YES_AGGRESSIVE;
				CLANG_WARN_UNREACHABLE_CODE = YES;
				CLANG_WARN__DUPLICATE_METHOD_MATCH = YES;
				CODE_SIGN_IDENTITY = "iPhone Developer";
				COPY_PHASE_STRIP = NO;
				DEBUG_INFORMATION_FORMAT = dwarf;
				ENABLE_STRICT_OBJC_MSGSEND = YES;
				ENABLE_TESTABILITY = YES;
				GCC_C_LANGUAGE_STANDARD = gnu11;
				GCC_DYNAMIC_NO_PIC = NO;
				GCC_NO_COMMON_BLOCKS = YES;
				GCC_OPTIMIZATION_LEVEL = 0;
				GCC_PREPROCESSOR_DEFINITIONS = (
					"DEBUG=1",
					"$(inherited)",
				);
				GCC_WARN_64_TO_32_BIT_CONVERSION = YES;
				GCC_WARN_ABOUT_RETURN_TYPE = YES_ERROR;
				GCC_WARN_UNDECLARED_SELECTOR = YES;
				GCC_WARN_UNINITIALIZED_AUTOS = YES_AGGRESSIVE;
				GCC_WARN_UNUSED_FUNCTION = YES;
				GCC_WARN_UNUSED_VARIABLE = YES;
				IPHONEOS_DEPLOYMENT_TARGET = 12.1;
				MTL_ENABLE_DEBUG_INFO = INCLUDE_SOURCE;
				MTL_FAST_MATH = YES;
				ONLY_ACTIVE_ARCH = YES;
				SDKROOT = iphoneos;
				SWIFT_ACTIVE_COMPILATION_CONDITIONS = DEBUG;
				SWIFT_OPTIMIZATION_LEVEL = "-Onone";
			};
			name = Debug;
		};
		0CD413BB21FB88B200F9BFF7 /* Release */ = {
			isa = XCBuildConfiguration;
			buildSettings = {
				ALWAYS_SEARCH_USER_PATHS = NO;
				CLANG_ANALYZER_NONNULL = YES;
				CLANG_ANALYZER_NUMBER_OBJECT_CONVERSION = YES_AGGRESSIVE;
				CLANG_CXX_LANGUAGE_STANDARD = "gnu++14";
				CLANG_CXX_LIBRARY = "libc++";
				CLANG_ENABLE_MODULES = YES;
				CLANG_ENABLE_OBJC_ARC = YES;
				CLANG_ENABLE_OBJC_WEAK = YES;
				CLANG_WARN_BLOCK_CAPTURE_AUTORELEASING = YES;
				CLANG_WARN_BOOL_CONVERSION = YES;
				CLANG_WARN_COMMA = YES;
				CLANG_WARN_CONSTANT_CONVERSION = YES;
				CLANG_WARN_DEPRECATED_OBJC_IMPLEMENTATIONS = YES;
				CLANG_WARN_DIRECT_OBJC_ISA_USAGE = YES_ERROR;
				CLANG_WARN_DOCUMENTATION_COMMENTS = YES;
				CLANG_WARN_EMPTY_BODY = YES;
				CLANG_WARN_ENUM_CONVERSION = YES;
				CLANG_WARN_INFINITE_RECURSION = YES;
				CLANG_WARN_INT_CONVERSION = YES;
				CLANG_WARN_NON_LITERAL_NULL_CONVERSION = YES;
				CLANG_WARN_OBJC_IMPLICIT_RETAIN_SELF = YES;
				CLANG_WARN_OBJC_LITERAL_CONVERSION = YES;
				CLANG_WARN_OBJC_ROOT_CLASS = YES_ERROR;
				CLANG_WARN_RANGE_LOOP_ANALYSIS = YES;
				CLANG_WARN_STRICT_PROTOTYPES = YES;
				CLANG_WARN_SUSPICIOUS_MOVE = YES;
				CLANG_WARN_UNGUARDED_AVAILABILITY = YES_AGGRESSIVE;
				CLANG_WARN_UNREACHABLE_CODE = YES;
				CLANG_WARN__DUPLICATE_METHOD_MATCH = YES;
				CODE_SIGN_IDENTITY = "iPhone Developer";
				COPY_PHASE_STRIP = NO;
				DEBUG_INFORMATION_FORMAT = "dwarf-with-dsym";
				ENABLE_NS_ASSERTIONS = NO;
				ENABLE_STRICT_OBJC_MSGSEND = YES;
				GCC_C_LANGUAGE_STANDARD = gnu11;
				GCC_NO_COMMON_BLOCKS = YES;
				GCC_WARN_64_TO_32_BIT_CONVERSION = YES;
				GCC_WARN_ABOUT_RETURN_TYPE = YES_ERROR;
				GCC_WARN_UNDECLARED_SELECTOR = YES;
				GCC_WARN_UNINITIALIZED_AUTOS = YES_AGGRESSIVE;
				GCC_WARN_UNUSED_FUNCTION = YES;
				GCC_WARN_UNUSED_VARIABLE = YES;
				IPHONEOS_DEPLOYMENT_TARGET = 12.1;
				MTL_ENABLE_DEBUG_INFO = NO;
				MTL_FAST_MATH = YES;
				SDKROOT = iphoneos;
				SWIFT_COMPILATION_MODE = wholemodule;
				SWIFT_OPTIMIZATION_LEVEL = "-O";
				VALIDATE_PRODUCT = YES;
			};
			name = Release;
		};
		0CD413BD21FB88B200F9BFF7 /* Debug */ = {
			isa = XCBuildConfiguration;
			buildSettings = {
				ASSETCATALOG_COMPILER_APPICON_NAME = AppIcon;
				CODE_SIGN_ENTITLEMENTS = KGIPortalMobile.entitlements;
				CODE_SIGN_STYLE = Automatic;
				DEVELOPMENT_TEAM = R3F22UC8DK;
				INFOPLIST_FILE = TestProject/Info.plist;
				LD_RUNPATH_SEARCH_PATHS = (
					"$(inherited)",
					"@executable_path/Frameworks",
				);
				PRODUCT_BUNDLE_IDENTIFIER = PangAppYopy.KGIPORTAL.MOBILE;
				PRODUCT_NAME = "$(TARGET_NAME)";
				SWIFT_VERSION = 4.2;
				TARGETED_DEVICE_FAMILY = 1;
			};
			name = Debug;
		};
		0CD413BE21FB88B200F9BFF7 /* Release */ = {
			isa = XCBuildConfiguration;
			buildSettings = {
				ASSETCATALOG_COMPILER_APPICON_NAME = AppIcon;
				CODE_SIGN_ENTITLEMENTS = KGIPortalMobile.entitlements;
				CODE_SIGN_STYLE = Automatic;
				DEVELOPMENT_TEAM = R3F22UC8DK;
				INFOPLIST_FILE = TestProject/Info.plist;
				LD_RUNPATH_SEARCH_PATHS = (
					"$(inherited)",
					"@executable_path/Frameworks",
				);
				PRODUCT_BUNDLE_IDENTIFIER = PangAppYopy.KGIPORTAL.MOBILE;
				PRODUCT_NAME = "$(TARGET_NAME)";
				SWIFT_VERSION = 4.2;
				TARGETED_DEVICE_FAMILY = 1;
			};
			name = Release;
		};
/* End XCBuildConfiguration section */

/* Begin XCConfigurationList section */
		0CD413A521FB88B100F9BFF7 /* Build configuration list for PBXProject "KGIPortalMobile" */ = {
			isa = XCConfigurationList;
			buildConfigurations = (
				0CD413BA21FB88B200F9BFF7 /* Debug */,
				0CD413BB21FB88B200F9BFF7 /* Release */,
			);
			defaultConfigurationIsVisible = 0;
			defaultConfigurationName = Release;
		};
		0CD413BC21FB88B200F9BFF7 /* Build configuration list for PBXNativeTarget "KGIPortalMobile" */ = {
			isa = XCConfigurationList;
			buildConfigurations = (
				0CD413BD21FB88B200F9BFF7 /* Debug */,
				0CD413BE21FB88B200F9BFF7 /* Release */,
			);
			defaultConfigurationIsVisible = 0;
			defaultConfigurationName = Release;
		};
/* End XCConfigurationList section */
	};
	rootObject = 0CD413A221FB88B100F9BFF7 /* Project object */;
}
